
Microsoft Visual Studio Solution File, Format Version 12.00
# Visual Studio Version 16
VisualStudioVersion = 16.0.29025.244
MinimumVisualStudioVersion = 10.0.40219.1
Project("{FAE04EC0-301F-11D3-BF4B-00C04F79EFBC}") = "webAPI", "webAPI\webAPI.csproj", "{AEE45DEB-9044-4B1F-864C-D678CE218B67}"
EndProject
Global
	GlobalSection(SolutionConfigurationPlatforms) = preSolution
		Debug|Any CPU = Debug|Any CPU
		Release|Any CPU = Release|Any CPU
	EndGlobalSection
	GlobalSection(ProjectConfigurationPlatforms) = postSolution
		{AEE45DEB-9044-4B1F-864C-D678CE218B67}.Debug|Any CPU.ActiveCfg = Debug|Any CPU
		{AEE45DEB-9044-4B1F-864C-D678CE218B67}.Debug|Any CPU.Build.0 = Debug|Any CPU
		{AEE45DEB-9044-4B1F-864C-D678CE218B67}.Release|Any CPU.ActiveCfg = Release|Any CPU
		{AEE45DEB-9044-4B1F-864C-D678CE218B67}.Release|Any CPU.Build.0 = Release|Any CPU
	EndGlobalSection
	GlobalSection(SolutionProperties) = preSolution
		HideSolutionNode = FALSE
	EndGlobalSection
	GlobalSection(ExtensibilityGlobals) = postSolution
		SolutionGuid = {86E765DA-F5D7-44E7-91DA-8390865E9ED6}
	EndGlobalSection
EndGlobal
